
Microsoft Visual Studio Solution File, Format Version 12.00
# Visual Studio Version 16
VisualStudioVersion = 16.0.32407.337
MinimumVisualStudioVersion = 10.0.40219.1
Project("{FAE04EC0-301F-11D3-BF4B-00C04F79EFBC}") = "GamingProyect", "GamingProyect\GamingProyect.csproj", "{924685A7-F2D8-46F8-BFC7-A899E2FFAAEE}"
EndProject
Global
	GlobalSection(SolutionConfigurationPlatforms) = preSolution
		Debug|Any CPU = Debug|Any CPU
		Release|Any CPU = Release|Any CPU
	EndGlobalSection
	GlobalSection(ProjectConfigurationPlatforms) = postSolution
		{924685A7-F2D8-46F8-BFC7-A899E2FFAAEE}.Debug|Any CPU.ActiveCfg = Debug|Any CPU
		{924685A7-F2D8-46F8-BFC7-A899E2FFAAEE}.Debug|Any CPU.Build.0 = Debug|Any CPU
		{924685A7-F2D8-46F8-BFC7-A899E2FFAAEE}.Release|Any CPU.ActiveCfg = Release|Any CPU
		{924685A7-F2D8-46F8-BFC7-A899E2FFAAEE}.Release|Any CPU.Build.0 = Release|Any CPU
	EndGlobalSection
	GlobalSection(SolutionProperties) = preSolution
		HideSolutionNode = FALSE
	EndGlobalSection
	GlobalSection(ExtensibilityGlobals) = postSolution
		SolutionGuid = {09768339-FF0D-40B2-B3F2-14C296005A18}
	EndGlobalSection
EndGlobal
