
Microsoft Visual Studio Solution File, Format Version 12.00
# Visual Studio Version 16
VisualStudioVersion = 16.0.32929.386
MinimumVisualStudioVersion = 10.0.40219.1
Project("{9A19103F-16F7-4668-BE54-9A1E7A4F7556}") = "CRUD_Servidor", "CRUD_Servidor\CRUD_Servidor.csproj", "{7F43FDEC-CE61-47AF-8ED3-03AEC58B044A}"
EndProject
Project("{FAE04EC0-301F-11D3-BF4B-00C04F79EFBC}") = "DataLayer", "DataLayer\DataLayer.csproj", "{75B0244D-F314-4005-BAEB-936D3B0C4B18}"
EndProject
Project("{FAE04EC0-301F-11D3-BF4B-00C04F79EFBC}") = "Controller", "Controller\Controller.csproj", "{54C405D2-D917-4471-A248-6439FC880F2D}"
EndProject
Global
	GlobalSection(SolutionConfigurationPlatforms) = preSolution
		Debug|Any CPU = Debug|Any CPU
		Release|Any CPU = Release|Any CPU
	EndGlobalSection
	GlobalSection(ProjectConfigurationPlatforms) = postSolution
		{7F43FDEC-CE61-47AF-8ED3-03AEC58B044A}.Debug|Any CPU.ActiveCfg = Debug|Any CPU
		{7F43FDEC-CE61-47AF-8ED3-03AEC58B044A}.Debug|Any CPU.Build.0 = Debug|Any CPU
		{7F43FDEC-CE61-47AF-8ED3-03AEC58B044A}.Release|Any CPU.ActiveCfg = Release|Any CPU
		{7F43FDEC-CE61-47AF-8ED3-03AEC58B044A}.Release|Any CPU.Build.0 = Release|Any CPU
		{75B0244D-F314-4005-BAEB-936D3B0C4B18}.Debug|Any CPU.ActiveCfg = Debug|Any CPU
		{75B0244D-F314-4005-BAEB-936D3B0C4B18}.Debug|Any CPU.Build.0 = Debug|Any CPU
		{75B0244D-F314-4005-BAEB-936D3B0C4B18}.Release|Any CPU.ActiveCfg = Release|Any CPU
		{75B0244D-F314-4005-BAEB-936D3B0C4B18}.Release|Any CPU.Build.0 = Release|Any CPU
		{54C405D2-D917-4471-A248-6439FC880F2D}.Debug|Any CPU.ActiveCfg = Debug|Any CPU
		{54C405D2-D917-4471-A248-6439FC880F2D}.Debug|Any CPU.Build.0 = Debug|Any CPU
		{54C405D2-D917-4471-A248-6439FC880F2D}.Release|Any CPU.ActiveCfg = Release|Any CPU
		{54C405D2-D917-4471-A248-6439FC880F2D}.Release|Any CPU.Build.0 = Release|Any CPU
	EndGlobalSection
	GlobalSection(SolutionProperties) = preSolution
		HideSolutionNode = FALSE
	EndGlobalSection
	GlobalSection(ExtensibilityGlobals) = postSolution
		SolutionGuid = {C81C142A-39F6-4520-9278-223AE87510B4}
	EndGlobalSection
EndGlobal
