
Microsoft Visual Studio Solution File, Format Version 12.00
# Visual Studio Version 16
VisualStudioVersion = 16.0.32407.337
MinimumVisualStudioVersion = 10.0.40219.1
Project("{FAE04EC0-301F-11D3-BF4B-00C04F79EFBC}") = "PokemonContricante", "PokemonContricante\PokemonContricante.csproj", "{B5B660D1-64C6-4AD1-83C7-8B16F29F6CBD}"
EndProject
Global
	GlobalSection(SolutionConfigurationPlatforms) = preSolution
		Debug|Any CPU = Debug|Any CPU
		Release|Any CPU = Release|Any CPU
	EndGlobalSection
	GlobalSection(ProjectConfigurationPlatforms) = postSolution
		{B5B660D1-64C6-4AD1-83C7-8B16F29F6CBD}.Debug|Any CPU.ActiveCfg = Debug|Any CPU
		{B5B660D1-64C6-4AD1-83C7-8B16F29F6CBD}.Debug|Any CPU.Build.0 = Debug|Any CPU
		{B5B660D1-64C6-4AD1-83C7-8B16F29F6CBD}.Release|Any CPU.ActiveCfg = Release|Any CPU
		{B5B660D1-64C6-4AD1-83C7-8B16F29F6CBD}.Release|Any CPU.Build.0 = Release|Any CPU
	EndGlobalSection
	GlobalSection(SolutionProperties) = preSolution
		HideSolutionNode = FALSE
	EndGlobalSection
	GlobalSection(ExtensibilityGlobals) = postSolution
		SolutionGuid = {9EFA0D78-7743-4778-949B-3AC9FA76CC7A}
	EndGlobalSection
EndGlobal
